// !$*UTF8*$!
{
	archiveVersion = 1;
	classes = {
	};
	objectVersion = 46;
	objects = {

/* Begin PBXBuildFile section */
		87255BFF1E913B6A0071EA79 /* main.m in Sources */ = {isa = PBXBuildFile; fileRef = 87255BFE1E913B6A0071EA79 /* main.m */; };
		87255C021E913B6A0071EA79 /* AppDelegate.m in Sources */ = {isa = PBXBuildFile; fileRef = 87255C011E913B6A0071EA79 /* AppDelegate.m */; };
		87255C051E913B6A0071EA79 /* ViewController.m in Sources */ = {isa = PBXBuildFile; fileRef = 87255C041E913B6A0071EA79 /* ViewController.m */; };
		87255C081E913B6A0071EA79 /* Main.storyboard in Resources */ = {isa = PBXBuildFile; fileRef = 87255C061E913B6A0071EA79 /* Main.storyboard */; };
		87255C0A1E913B6A0071EA79 /* Assets.xcassets in Resources */ = {isa = PBXBuildFile; fileRef = 87255C091E913B6A0071EA79 /* Assets.xcassets */; };
		87255C0D1E913B6A0071EA79 /* LaunchScreen.storyboard in Resources */ = {isa = PBXBuildFile; fileRef = 87255C0B1E913B6A0071EA79 /* LaunchScreen.storyboard */; };
/* End PBXBuildFile section */

/* Begin PBXFileReference section */
		87255BFA1E913B6A0071EA79 /* InterviewC.app */ = {isa = PBXFileReference; explicitFileType = wrapper.application; includeInIndex = 0; path = InterviewC.app; sourceTree = BUILT_PRODUCTS_DIR; };
		87255BFE1E913B6A0071EA79 /* main.m */ = {isa = PBXFileReference; lastKnownFileType = sourcecode.c.objc; path = main.m; sourceTree = "<group>"; };
		87255C001E913B6A0071EA79 /* AppDelegate.h */ = {isa = PBXFileReference; lastKnownFileType = sourcecode.c.h; path = AppDelegate.h; sourceTree = "<group>"; };
		87255C011E913B6A0071EA79 /* AppDelegate.m */ = {isa = PBXFileReference; lastKnownFileType = sourcecode.c.objc; path = AppDelegate.m; sourceTree = "<group>"; };
		87255C031E913B6A0071EA79 /* ViewController.h */ = {isa = PBXFileReference; lastKnownFileType = sourcecode.c.h; path = ViewController.h; sourceTree = "<group>"; };
		87255C041E913B6A0071EA79 /* ViewController.m */ = {isa = PBXFileReference; lastKnownFileType = sourcecode.c.objc; path = ViewController.m; sourceTree = "<group>"; };
		87255C071E913B6A0071EA79 /* Base */ = {isa = PBXFileReference; lastKnownFileType = file.storyboard; name = Base; path = Base.lproj/Main.storyboard; sourceTree = "<group>"; };
		87255C091E913B6A0071EA79 /* Assets.xcassets */ = {isa = PBXFileReference; lastKnownFileType = folder.assetcatalog; path = Assets.xcassets; sourceTree = "<group>"; };
		87255C0C1E913B6A0071EA79 /* Base */ = {isa = PBXFileReference; lastKnownFileType = file.storyboard; name = Base; path = Base.lproj/LaunchScreen.storyboard; sourceTree = "<group>"; };
		87255C0E1E913B6A0071EA79 /* Info.plist */ = {isa = PBXFileReference; lastKnownFileType = text.plist.xml; path = Info.plist; sourceTree = "<group>"; };
/* End PBXFileReference section */

/* Begin PBXFrameworksBuildPhase section */
		87255BF71E913B6A0071EA79 /* Frameworks */ = {
			isa = PBXFrameworksBuildPhase;
			buildActionMask = 2147483647;
			files = (
			);
			runOnlyForDeploymentPostprocessing = 0;
		};
/* End PBXFrameworksBuildPhase section */

/* Begin PBXGroup section */
		87255BF11E913B6A0071EA79 = {
			isa = PBXGroup;
			children = (
				87255BFC1E913B6A0071EA79 /* InterviewC */,
				87255BFB1E913B6A0071EA79 /* Products */,
			);
			sourceTree = "<group>";
		};
		87255BFB1E913B6A0071EA79 /* Products */ = {
			isa = PBXGroup;
			children = (
				87255BFA1E913B6A0071EA79 /* InterviewC.app */,
			);
			name = Products;
			sourceTree = "<group>";
		};
		87255BFC1E913B6A0071EA79 /* InterviewC */ = {
			isa = PBXGroup;
			children = (
				87255C001E913B6A0071EA79 /* AppDelegate.h */,
				87255C011E913B6A0071EA79 /* AppDelegate.m */,
				87255C031E913B6A0071EA79 /* ViewController.h */,
				87255C041E913B6A0071EA79 /* ViewController.m */,
				87255C061E913B6A0071EA79 /* Main.storyboard */,
				87255C091E913B6A0071EA79 /* Assets.xcassets */,
				87255C0B1E913B6A0071EA79 /* LaunchScreen.storyboard */,
				87255C0E1E913B6A0071EA79 /* Info.plist */,
				87255BFD1E913B6A0071EA79 /* Supporting Files */,
			);
			path = InterviewC;
			sourceTree = "<group>";
		};
		87255BFD1E913B6A0071EA79 /* Supporting Files */ = {
			isa = PBXGroup;
			children = (
				87255BFE1E913B6A0071EA79 /* main.m */,
			);
			name = "Supporting Files";
			sourceTree = "<group>";
		};
/* End PBXGroup section */

/* Begin PBXNativeTarget section */
		87255BF91E913B6A0071EA79 /* InterviewC */ = {
			isa = PBXNativeTarget;
			buildConfigurationList = 87255C111E913B6A0071EA79 /* Build configuration list for PBXNativeTarget "InterviewC" */;
			buildPhases = (
				87255BF61E913B6A0071EA79 /* Sources */,
				87255BF71E913B6A0071EA79 /* Frameworks */,
				87255BF81E913B6A0071EA79 /* Resources */,
			);
			buildRules = (
			);
			dependencies = (
			);
			name = InterviewC;
			productName = InterviewC;
			productReference = 87255BFA1E913B6A0071EA79 /* InterviewC.app */;
			productType = "com.apple.product-type.application";
		};
/* End PBXNativeTarget section */

/* Begin PBXProject section */
		87255BF21E913B6A0071EA79 /* Project object */ = {
			isa = PBXProject;
			attributes = {
				LastUpgradeCheck = 0820;
				ORGANIZATIONNAME = "Yerassyl Yerlanov";
				TargetAttributes = {
					87255BF91E913B6A0071EA79 = {
						CreatedOnToolsVersion = 8.2.1;
						ProvisioningStyle = Automatic;
					};
				};
			};
			buildConfigurationList = 87255BF51E913B6A0071EA79 /* Build configuration list for PBXProject "InterviewC" */;
			compatibilityVersion = "Xcode 3.2";
			developmentRegion = English;
			hasScannedForEncodings = 0;
			knownRegions = (
				en,
				Base,
			);
			mainGroup = 87255BF11E913B6A0071EA79;
			productRefGroup = 87255BFB1E913B6A0071EA79 /* Products */;
			projectDirPath = "";
			projectRoot = "";
			targets = (
				87255BF91E913B6A0071EA79 /* InterviewC */,
			);
		};
/* End PBXProject section */

/* Begin PBXResourcesBuildPhase section */
		87255BF81E913B6A0071EA79 /* Resources */ = {
			isa = PBXResourcesBuildPhase;
			buildActionMask = 2147483647;
			files = (
				87255C0D1E913B6A0071EA79 /* LaunchScreen.storyboard in Resources */,
				87255C0A1E913B6A0071EA79 /* Assets.xcassets in Resources */,
				87255C081E913B6A0071EA79 /* Main.storyboard in Resources */,
			);
			runOnlyForDeploymentPostprocessing = 0;
		};
/* End PBXResourcesBuildPhase section */

/* Begin PBXSourcesBuildPhase section */
		87255BF61E913B6A0071EA79 /* Sources */ = {
			isa = PBXSourcesBuildPhase;
			buildActionMask = 2147483647;
			files = (
				87255C051E913B6A0071EA79 /* ViewController.m in Sources */,
				87255C021E913B6A0071EA79 /* AppDelegate.m in Sources */,
				87255BFF1E913B6A0071EA79 /* main.m in Sources */,
			);
			runOnlyForDeploymentPostprocessing = 0;
		};
/* End PBXSourcesBuildPhase section */

/* Begin PBXVariantGroup section */
		87255C061E913B6A0071EA79 /* Main.storyboard */ = {
			isa = PBXVariantGroup;
			children = (
				87255C071E913B6A0071EA79 /* Base */,
			);
			name = Main.storyboard;
			sourceTree = "<group>";
		};
		87255C0B1E913B6A0071EA79 /* LaunchScreen.storyboard */ = {
			isa = PBXVariantGroup;
			children = (
				87255C0C1E913B6A0071EA79 /* Base */,
			);
			name = LaunchScreen.storyboard;
			sourceTree = "<group>";
		};
/* End PBXVariantGroup section */

/* Begin XCBuildConfiguration section */
		87255C0F1E913B6A0071EA79 /* Debug */ = {
			isa = XCBuildConfiguration;
			buildSettings = {
				ALWAYS_SEARCH_USER_PATHS = NO;
				CLANG_ANALYZER_NONNULL = YES;
				CLANG_CXX_LANGUAGE_STANDARD = "gnu++0x";
				CLANG_CXX_LIBRARY = "libc++";
				CLANG_ENABLE_MODULES = YES;
				CLANG_ENABLE_OBJC_ARC = YES;
				CLANG_WARN_BOOL_CONVERSION = YES;
				CLANG_WARN_CONSTANT_CONVERSION = YES;
				CLANG_WARN_DIRECT_OBJC_ISA_USAGE = YES_ERROR;
				CLANG_WARN_DOCUMENTATION_COMMENTS = YES;
				CLANG_WARN_EMPTY_BODY = YES;
				CLANG_WARN_ENUM_CONVERSION = YES;
				CLANG_WARN_INFINITE_RECURSION = YES;
				CLANG_WARN_INT_CONVERSION = YES;
				CLANG_WARN_OBJC_ROOT_CLASS = YES_ERROR;
				CLANG_WARN_SUSPICIOUS_MOVE = YES;
				CLANG_WARN_UNREACHABLE_CODE = YES;
				CLANG_WARN__DUPLICATE_METHOD_MATCH = YES;
				"CODE_SIGN_IDENTITY[sdk=iphoneos*]" = "iPhone Developer";
				COPY_PHASE_STRIP = NO;
				DEBUG_INFORMATION_FORMAT = dwarf;
				ENABLE_STRICT_OBJC_MSGSEND = YES;
				ENABLE_TESTABILITY = YES;
				GCC_C_LANGUAGE_STANDARD = gnu99;
				GCC_DYNAMIC_NO_PIC = NO;
				GCC_NO_COMMON_BLOCKS = YES;
				GCC_OPTIMIZATION_LEVEL = 0;
				GCC_PREPROCESSOR_DEFINITIONS = (
					"DEBUG=1",
					"$(inherited)",
				);
				GCC_WARN_64_TO_32_BIT_CONVERSION = YES;
				GCC_WARN_ABOUT_RETURN_TYPE = YES_ERROR;
				GCC_WARN_UNDECLARED_SELECTOR = YES;
				GCC_WARN_UNINITIALIZED_AUTOS = YES_AGGRESSIVE;
				GCC_WARN_UNUSED_FUNCTION = YES;
				GCC_WARN_UNUSED_VARIABLE = YES;
				IPHONEOS_DEPLOYMENT_TARGET = 10.2;
				MTL_ENABLE_DEBUG_INFO = YES;
				ONLY_ACTIVE_ARCH = YES;
				SDKROOT = iphoneos;
			};
			name = Debug;
		};
		87255C101E913B6A0071EA79 /* Release */ = {
			isa = XCBuildConfiguration;
			buildSettings = {
				ALWAYS_SEARCH_USER_PATHS = NO;
				CLANG_ANALYZER_NONNULL = YES;
				CLANG_CXX_LANGUAGE_STANDARD = "gnu++0x";
				CLANG_CXX_LIBRARY = "libc++";
				CLANG_ENABLE_MODULES = YES;
				CLANG_ENABLE_OBJC_ARC = YES;
				CLANG_WARN_BOOL_CONVERSION = YES;
				CLANG_WARN_CONSTANT_CONVERSION = YES;
				CLANG_WARN_DIRECT_OBJC_ISA_USAGE = YES_ERROR;
				CLANG_WARN_DOCUMENTATION_COMMENTS = YES;
				CLANG_WARN_EMPTY_BODY = YES;
				CLANG_WARN_ENUM_CONVERSION = YES;
				CLANG_WARN_INFINITE_RECURSION = YES;
				CLANG_WARN_INT_CONVERSION = YES;
				CLANG_WARN_OBJC_ROOT_CLASS = YES_ERROR;
				CLANG_WARN_SUSPICIOUS_MOVE = YES;
				CLANG_WARN_UNREACHABLE_CODE = YES;
				CLANG_WARN__DUPLICATE_METHOD_MATCH = YES;
				"CODE_SIGN_IDENTITY[sdk=iphoneos*]" = "iPhone Developer";
				COPY_PHASE_STRIP = NO;
				DEBUG_INFORMATION_FORMAT = "dwarf-with-dsym";
				ENABLE_NS_ASSERTIONS = NO;
				ENABLE_STRICT_OBJC_MSGSEND = YES;
				GCC_C_LANGUAGE_STANDARD = gnu99;
				GCC_NO_COMMON_BLOCKS = YES;
				GCC_WARN_64_TO_32_BIT_CONVERSION = YES;
				GCC_WARN_ABOUT_RETURN_TYPE = YES_ERROR;
				GCC_WARN_UNDECLARED_SELECTOR = YES;
				GCC_WARN_UNINITIALIZED_AUTOS = YES_AGGRESSIVE;
				GCC_WARN_UNUSED_FUNCTION = YES;
				GCC_WARN_UNUSED_VARIABLE = YES;
				IPHONEOS_DEPLOYMENT_TARGET = 10.2;
				MTL_ENABLE_DEBUG_INFO = NO;
				SDKROOT = iphoneos;
				VALIDATE_PRODUCT = YES;
			};
			name = Release;
		};
		87255C121E913B6A0071EA79 /* Debug */ = {
			isa = XCBuildConfiguration;
			buildSettings = {
				ASSETCATALOG_COMPILER_APPICON_NAME = AppIcon;
				INFOPLIST_FILE = InterviewC/Info.plist;
				LD_RUNPATH_SEARCH_PATHS = "$(inherited) @executable_path/Frameworks";
				PRODUCT_BUNDLE_IDENTIFIER = yera.InterviewC;
				PRODUCT_NAME = "$(TARGET_NAME)";
			};
			name = Debug;
		};
		87255C131E913B6A0071EA79 /* Release */ = {
			isa = XCBuildConfiguration;
			buildSettings = {
				ASSETCATALOG_COMPILER_APPICON_NAME = AppIcon;
				INFOPLIST_FILE = InterviewC/Info.plist;
				LD_RUNPATH_SEARCH_PATHS = "$(inherited) @executable_path/Frameworks";
				PRODUCT_BUNDLE_IDENTIFIER = yera.InterviewC;
				PRODUCT_NAME = "$(TARGET_NAME)";
			};
			name = Release;
		};
/* End XCBuildConfiguration section */

/* Begin XCConfigurationList section */
		87255BF51E913B6A0071EA79 /* Build configuration list for PBXProject "InterviewC" */ = {
			isa = XCConfigurationList;
			buildConfigurations = (
				87255C0F1E913B6A0071EA79 /* Debug */,
				87255C101E913B6A0071EA79 /* Release */,
			);
			defaultConfigurationIsVisible = 0;
			defaultConfigurationName = Release;
		};
		87255C111E913B6A0071EA79 /* Build configuration list for PBXNativeTarget "InterviewC" */ = {
			isa = XCConfigurationList;
			buildConfigurations = (
				87255C121E913B6A0071EA79 /* Debug */,
				87255C131E913B6A0071EA79 /* Release */,
			);
			defaultConfigurationIsVisible = 0;
		};
/* End XCConfigurationList section */
	};
	rootObject = 87255BF21E913B6A0071EA79 /* Project object */;
}
